
Microsoft Visual Studio Solution File, Format Version 12.00
# Visual Studio 15
VisualStudioVersion = 15.0.28307.168
MinimumVisualStudioVersion = 10.0.40219.1
Project("{FAE04EC0-301F-11D3-BF4B-00C04F79EFBC}") = "ButtonBoxSerialPort", "ButtonBoxSerialPort\ButtonBoxSerialPort.csproj", "{64E1F58F-870D-4958-B337-9898AF8ECED7}"
EndProject
Project("{FAE04EC0-301F-11D3-BF4B-00C04F79EFBC}") = "SerialPortButtonBox", "SerialPortButtonBox\SerialPortButtonBox.csproj", "{F2E7979D-D747-4968-AD17-F932D368DAE2}"
EndProject
Global
	GlobalSection(SolutionConfigurationPlatforms) = preSolution
		Debug|Any CPU = Debug|Any CPU
		Release|Any CPU = Release|Any CPU
	EndGlobalSection
	GlobalSection(ProjectConfigurationPlatforms) = postSolution
		{64E1F58F-870D-4958-B337-9898AF8ECED7}.Debug|Any CPU.ActiveCfg = Debug|Any CPU
		{64E1F58F-870D-4958-B337-9898AF8ECED7}.Debug|Any CPU.Build.0 = Debug|Any CPU
		{64E1F58F-870D-4958-B337-9898AF8ECED7}.Release|Any CPU.ActiveCfg = Release|Any CPU
		{64E1F58F-870D-4958-B337-9898AF8ECED7}.Release|Any CPU.Build.0 = Release|Any CPU
		{F2E7979D-D747-4968-AD17-F932D368DAE2}.Debug|Any CPU.ActiveCfg = Debug|Any CPU
		{F2E7979D-D747-4968-AD17-F932D368DAE2}.Debug|Any CPU.Build.0 = Debug|Any CPU
		{F2E7979D-D747-4968-AD17-F932D368DAE2}.Release|Any CPU.ActiveCfg = Release|Any CPU
		{F2E7979D-D747-4968-AD17-F932D368DAE2}.Release|Any CPU.Build.0 = Release|Any CPU
	EndGlobalSection
	GlobalSection(SolutionProperties) = preSolution
		HideSolutionNode = FALSE
	EndGlobalSection
	GlobalSection(ExtensibilityGlobals) = postSolution
		SolutionGuid = {13C7D0AF-8176-4856-AD2C-9601CB3A7682}
	EndGlobalSection
EndGlobal
